// !$*UTF8*$!
{
	archiveVersion = 1;
	classes = {
	};
	objectVersion = 46;
	objects = {

/* Begin PBXBuildFile section */
		114375F11F52F7C400D400DA /* AppDelegate.swift in Sources */ = {isa = PBXBuildFile; fileRef = 114375F01F52F7C400D400DA /* AppDelegate.swift */; };
		114375F31F52F7C400D400DA /* ViewController.swift in Sources */ = {isa = PBXBuildFile; fileRef = 114375F21F52F7C400D400DA /* ViewController.swift */; };
		114375F61F52F7C400D400DA /* Main.storyboard in Resources */ = {isa = PBXBuildFile; fileRef = 114375F41F52F7C400D400DA /* Main.storyboard */; };
		114375F81F52F7C400D400DA /* Assets.xcassets in Resources */ = {isa = PBXBuildFile; fileRef = 114375F71F52F7C400D400DA /* Assets.xcassets */; };
		114375FB1F52F7C400D400DA /* LaunchScreen.storyboard in Resources */ = {isa = PBXBuildFile; fileRef = 114375F91F52F7C400D400DA /* LaunchScreen.storyboard */; };
		114376061F52F7C400D400DA /* FirstDemoTests.swift in Sources */ = {isa = PBXBuildFile; fileRef = 114376051F52F7C400D400DA /* FirstDemoTests.swift */; };
/* End PBXBuildFile section */

/* Begin PBXContainerItemProxy section */
		114376021F52F7C400D400DA /* PBXContainerItemProxy */ = {
			isa = PBXContainerItemProxy;
			containerPortal = 114375E51F52F7C400D400DA /* Project object */;
			proxyType = 1;
			remoteGlobalIDString = 114375EC1F52F7C400D400DA;
			remoteInfo = FirstDemo;
		};
/* End PBXContainerItemProxy section */

/* Begin PBXFileReference section */
		114375ED1F52F7C400D400DA /* FirstDemo.app */ = {isa = PBXFileReference; explicitFileType = wrapper.application; includeInIndex = 0; path = FirstDemo.app; sourceTree = BUILT_PRODUCTS_DIR; };
		114375F01F52F7C400D400DA /* AppDelegate.swift */ = {isa = PBXFileReference; lastKnownFileType = sourcecode.swift; path = AppDelegate.swift; sourceTree = "<group>"; };
		114375F21F52F7C400D400DA /* ViewController.swift */ = {isa = PBXFileReference; lastKnownFileType = sourcecode.swift; path = ViewController.swift; sourceTree = "<group>"; };
		114375F51F52F7C400D400DA /* Base */ = {isa = PBXFileReference; lastKnownFileType = file.storyboard; name = Base; path = Base.lproj/Main.storyboard; sourceTree = "<group>"; };
		114375F71F52F7C400D400DA /* Assets.xcassets */ = {isa = PBXFileReference; lastKnownFileType = folder.assetcatalog; path = Assets.xcassets; sourceTree = "<group>"; };
		114375FA1F52F7C400D400DA /* Base */ = {isa = PBXFileReference; lastKnownFileType = file.storyboard; name = Base; path = Base.lproj/LaunchScreen.storyboard; sourceTree = "<group>"; };
		114375FC1F52F7C400D400DA /* Info.plist */ = {isa = PBXFileReference; lastKnownFileType = text.plist.xml; path = Info.plist; sourceTree = "<group>"; };
		114376011F52F7C400D400DA /* FirstDemoTests.xctest */ = {isa = PBXFileReference; explicitFileType = wrapper.cfbundle; includeInIndex = 0; path = FirstDemoTests.xctest; sourceTree = BUILT_PRODUCTS_DIR; };
		114376051F52F7C400D400DA /* FirstDemoTests.swift */ = {isa = PBXFileReference; lastKnownFileType = sourcecode.swift; path = FirstDemoTests.swift; sourceTree = "<group>"; };
		114376071F52F7C400D400DA /* Info.plist */ = {isa = PBXFileReference; lastKnownFileType = text.plist.xml; path = Info.plist; sourceTree = "<group>"; };
/* End PBXFileReference section */

/* Begin PBXFrameworksBuildPhase section */
		114375EA1F52F7C400D400DA /* Frameworks */ = {
			isa = PBXFrameworksBuildPhase;
			buildActionMask = 2147483647;
			files = (
			);
			runOnlyForDeploymentPostprocessing = 0;
		};
		114375FE1F52F7C400D400DA /* Frameworks */ = {
			isa = PBXFrameworksBuildPhase;
			buildActionMask = 2147483647;
			files = (
			);
			runOnlyForDeploymentPostprocessing = 0;
		};
/* End PBXFrameworksBuildPhase section */

/* Begin PBXGroup section */
		114375E41F52F7C400D400DA = {
			isa = PBXGroup;
			children = (
				114375EF1F52F7C400D400DA /* FirstDemo */,
				114376041F52F7C400D400DA /* FirstDemoTests */,
				114375EE1F52F7C400D400DA /* Products */,
			);
			sourceTree = "<group>";
		};
		114375EE1F52F7C400D400DA /* Products */ = {
			isa = PBXGroup;
			children = (
				114375ED1F52F7C400D400DA /* FirstDemo.app */,
				114376011F52F7C400D400DA /* FirstDemoTests.xctest */,
			);
			name = Products;
			sourceTree = "<group>";
		};
		114375EF1F52F7C400D400DA /* FirstDemo */ = {
			isa = PBXGroup;
			children = (
				114375F01F52F7C400D400DA /* AppDelegate.swift */,
				114375F21F52F7C400D400DA /* ViewController.swift */,
				114375F41F52F7C400D400DA /* Main.storyboard */,
				114375F71F52F7C400D400DA /* Assets.xcassets */,
				114375F91F52F7C400D400DA /* LaunchScreen.storyboard */,
				114375FC1F52F7C400D400DA /* Info.plist */,
			);
			path = FirstDemo;
			sourceTree = "<group>";
		};
		114376041F52F7C400D400DA /* FirstDemoTests */ = {
			isa = PBXGroup;
			children = (
				114376051F52F7C400D400DA /* FirstDemoTests.swift */,
				114376071F52F7C400D400DA /* Info.plist */,
			);
			path = FirstDemoTests;
			sourceTree = "<group>";
		};
/* End PBXGroup section */

/* Begin PBXNativeTarget section */
		114375EC1F52F7C400D400DA /* FirstDemo */ = {
			isa = PBXNativeTarget;
			buildConfigurationList = 1143760A1F52F7C400D400DA /* Build configuration list for PBXNativeTarget "FirstDemo" */;
			buildPhases = (
				114375E91F52F7C400D400DA /* Sources */,
				114375EA1F52F7C400D400DA /* Frameworks */,
				114375EB1F52F7C400D400DA /* Resources */,
			);
			buildRules = (
			);
			dependencies = (
			);
			name = FirstDemo;
			productName = FirstDemo;
			productReference = 114375ED1F52F7C400D400DA /* FirstDemo.app */;
			productType = "com.apple.product-type.application";
		};
		114376001F52F7C400D400DA /* FirstDemoTests */ = {
			isa = PBXNativeTarget;
			buildConfigurationList = 1143760D1F52F7C400D400DA /* Build configuration list for PBXNativeTarget "FirstDemoTests" */;
			buildPhases = (
				114375FD1F52F7C400D400DA /* Sources */,
				114375FE1F52F7C400D400DA /* Frameworks */,
				114375FF1F52F7C400D400DA /* Resources */,
			);
			buildRules = (
			);
			dependencies = (
				114376031F52F7C400D400DA /* PBXTargetDependency */,
			);
			name = FirstDemoTests;
			productName = FirstDemoTests;
			productReference = 114376011F52F7C400D400DA /* FirstDemoTests.xctest */;
			productType = "com.apple.product-type.bundle.unit-test";
		};
/* End PBXNativeTarget section */

/* Begin PBXProject section */
		114375E51F52F7C400D400DA /* Project object */ = {
			isa = PBXProject;
			attributes = {
				LastSwiftUpdateCheck = 0830;
				LastUpgradeCheck = 0830;
				ORGANIZATIONNAME = "Ammy Pandey";
				TargetAttributes = {
					114375EC1F52F7C400D400DA = {
						CreatedOnToolsVersion = 8.3.3;
						DevelopmentTeam = ZD2S85JCK8;
						ProvisioningStyle = Automatic;
					};
					114376001F52F7C400D400DA = {
						CreatedOnToolsVersion = 8.3.3;
						DevelopmentTeam = ZD2S85JCK8;
						ProvisioningStyle = Automatic;
						TestTargetID = 114375EC1F52F7C400D400DA;
					};
				};
			};
			buildConfigurationList = 114375E81F52F7C400D400DA /* Build configuration list for PBXProject "FirstDemo" */;
			compatibilityVersion = "Xcode 3.2";
			developmentRegion = English;
			hasScannedForEncodings = 0;
			knownRegions = (
				en,
				Base,
			);
			mainGroup = 114375E41F52F7C400D400DA;
			productRefGroup = 114375EE1F52F7C400D400DA /* Products */;
			projectDirPath = "";
			projectRoot = "";
			targets = (
				114375EC1F52F7C400D400DA /* FirstDemo */,
				114376001F52F7C400D400DA /* FirstDemoTests */,
			);
		};
/* End PBXProject section */

/* Begin PBXResourcesBuildPhase section */
		114375EB1F52F7C400D400DA /* Resources */ = {
			isa = PBXResourcesBuildPhase;
			buildActionMask = 2147483647;
			files = (
				114375FB1F52F7C400D400DA /* LaunchScreen.storyboard in Resources */,
				114375F81F52F7C400D400DA /* Assets.xcassets in Resources */,
				114375F61F52F7C400D400DA /* Main.storyboard in Resources */,
			);
			runOnlyForDeploymentPostprocessing = 0;
		};
		114375FF1F52F7C400D400DA /* Resources */ = {
			isa = PBXResourcesBuildPhase;
			buildActionMask = 2147483647;
			files = (
			);
			runOnlyForDeploymentPostprocessing = 0;
		};
/* End PBXResourcesBuildPhase section */

/* Begin PBXSourcesBuildPhase section */
		114375E91F52F7C400D400DA /* Sources */ = {
			isa = PBXSourcesBuildPhase;
			buildActionMask = 2147483647;
			files = (
				114375F31F52F7C400D400DA /* ViewController.swift in Sources */,
				114375F11F52F7C400D400DA /* AppDelegate.swift in Sources */,
			);
			runOnlyForDeploymentPostprocessing = 0;
		};
		114375FD1F52F7C400D400DA /* Sources */ = {
			isa = PBXSourcesBuildPhase;
			buildActionMask = 2147483647;
			files = (
				114376061F52F7C400D400DA /* FirstDemoTests.swift in Sources */,
			);
			runOnlyForDeploymentPostprocessing = 0;
		};
/* End PBXSourcesBuildPhase section */

/* Begin PBXTargetDependency section */
		114376031F52F7C400D400DA /* PBXTargetDependency */ = {
			isa = PBXTargetDependency;
			target = 114375EC1F52F7C400D400DA /* FirstDemo */;
			targetProxy = 114376021F52F7C400D400DA /* PBXContainerItemProxy */;
		};
/* End PBXTargetDependency section */

/* Begin PBXVariantGroup section */
		114375F41F52F7C400D400DA /* Main.storyboard */ = {
			isa = PBXVariantGroup;
			children = (
				114375F51F52F7C400D400DA /* Base */,
			);
			name = Main.storyboard;
			sourceTree = "<group>";
		};
		114375F91F52F7C400D400DA /* LaunchScreen.storyboard */ = {
			isa = PBXVariantGroup;
			children = (
				114375FA1F52F7C400D400DA /* Base */,
			);
			name = LaunchScreen.storyboard;
			sourceTree = "<group>";
		};
/* End PBXVariantGroup section */

/* Begin XCBuildConfiguration section */
		114376081F52F7C400D400DA /* Debug */ = {
			isa = XCBuildConfiguration;
			buildSettings = {
				ALWAYS_SEARCH_USER_PATHS = NO;
				CLANG_ANALYZER_NONNULL = YES;
				CLANG_ANALYZER_NUMBER_OBJECT_CONVERSION = YES_AGGRESSIVE;
				CLANG_CXX_LANGUAGE_STANDARD = "gnu++0x";
				CLANG_CXX_LIBRARY = "libc++";
				CLANG_ENABLE_MODULES = YES;
				CLANG_ENABLE_OBJC_ARC = YES;
				CLANG_WARN_BOOL_CONVERSION = YES;
				CLANG_WARN_CONSTANT_CONVERSION = YES;
				CLANG_WARN_DIRECT_OBJC_ISA_USAGE = YES_ERROR;
				CLANG_WARN_DOCUMENTATION_COMMENTS = YES;
				CLANG_WARN_EMPTY_BODY = YES;
				CLANG_WARN_ENUM_CONVERSION = YES;
				CLANG_WARN_INFINITE_RECURSION = YES;
				CLANG_WARN_INT_CONVERSION = YES;
				CLANG_WARN_OBJC_ROOT_CLASS = YES_ERROR;
				CLANG_WARN_SUSPICIOUS_MOVE = YES;
				CLANG_WARN_UNREACHABLE_CODE = YES;
				CLANG_WARN__DUPLICATE_METHOD_MATCH = YES;
				"CODE_SIGN_IDENTITY[sdk=iphoneos*]" = "iPhone Developer";
				COPY_PHASE_STRIP = NO;
				DEBUG_INFORMATION_FORMAT = dwarf;
				ENABLE_STRICT_OBJC_MSGSEND = YES;
				ENABLE_TESTABILITY = YES;
				GCC_C_LANGUAGE_STANDARD = gnu99;
				GCC_DYNAMIC_NO_PIC = NO;
				GCC_NO_COMMON_BLOCKS = YES;
				GCC_OPTIMIZATION_LEVEL = 0;
				GCC_PREPROCESSOR_DEFINITIONS = (
					"DEBUG=1",
					"$(inherited)",
				);
				GCC_WARN_64_TO_32_BIT_CONVERSION = YES;
				GCC_WARN_ABOUT_RETURN_TYPE = YES_ERROR;
				GCC_WARN_UNDECLARED_SELECTOR = YES;
				GCC_WARN_UNINITIALIZED_AUTOS = YES_AGGRESSIVE;
				GCC_WARN_UNUSED_FUNCTION = YES;
				GCC_WARN_UNUSED_VARIABLE = YES;
				IPHONEOS_DEPLOYMENT_TARGET = 10.3;
				MTL_ENABLE_DEBUG_INFO = YES;
				ONLY_ACTIVE_ARCH = YES;
				SDKROOT = iphoneos;
				SWIFT_ACTIVE_COMPILATION_CONDITIONS = DEBUG;
				SWIFT_OPTIMIZATION_LEVEL = "-Onone";
				TARGETED_DEVICE_FAMILY = "1,2";
			};
			name = Debug;
		};
		114376091F52F7C400D400DA /* Release */ = {
			isa = XCBuildConfiguration;
			buildSettings = {
				ALWAYS_SEARCH_USER_PATHS = NO;
				CLANG_ANALYZER_NONNULL = YES;
				CLANG_ANALYZER_NUMBER_OBJECT_CONVERSION = YES_AGGRESSIVE;
				CLANG_CXX_LANGUAGE_STANDARD = "gnu++0x";
				CLANG_CXX_LIBRARY = "libc++";
				CLANG_ENABLE_MODULES = YES;
				CLANG_ENABLE_OBJC_ARC = YES;
				CLANG_WARN_BOOL_CONVERSION = YES;
				CLANG_WARN_CONSTANT_CONVERSION = YES;
				CLANG_WARN_DIRECT_OBJC_ISA_USAGE = YES_ERROR;
				CLANG_WARN_DOCUMENTATION_COMMENTS = YES;
				CLANG_WARN_EMPTY_BODY = YES;
				CLANG_WARN_ENUM_CONVERSION = YES;
				CLANG_WARN_INFINITE_RECURSION = YES;
				CLANG_WARN_INT_CONVERSION = YES;
				CLANG_WARN_OBJC_ROOT_CLASS = YES_ERROR;
				CLANG_WARN_SUSPICIOUS_MOVE = YES;
				CLANG_WARN_UNREACHABLE_CODE = YES;
				CLANG_WARN__DUPLICATE_METHOD_MATCH = YES;
				"CODE_SIGN_IDENTITY[sdk=iphoneos*]" = "iPhone Developer";
				COPY_PHASE_STRIP = NO;
				DEBUG_INFORMATION_FORMAT = "dwarf-with-dsym";
				ENABLE_NS_ASSERTIONS = NO;
				ENABLE_STRICT_OBJC_MSGSEND = YES;
				GCC_C_LANGUAGE_STANDARD = gnu99;
				GCC_NO_COMMON_BLOCKS = YES;
				GCC_WARN_64_TO_32_BIT_CONVERSION = YES;
				GCC_WARN_ABOUT_RETURN_TYPE = YES_ERROR;
				GCC_WARN_UNDECLARED_SELECTOR = YES;
				GCC_WARN_UNINITIALIZED_AUTOS = YES_AGGRESSIVE;
				GCC_WARN_UNUSED_FUNCTION = YES;
				GCC_WARN_UNUSED_VARIABLE = YES;
				IPHONEOS_DEPLOYMENT_TARGET = 10.3;
				MTL_ENABLE_DEBUG_INFO = NO;
				SDKROOT = iphoneos;
				SWIFT_OPTIMIZATION_LEVEL = "-Owholemodule";
				TARGETED_DEVICE_FAMILY = "1,2";
				VALIDATE_PRODUCT = YES;
			};
			name = Release;
		};
		1143760B1F52F7C400D400DA /* Debug */ = {
			isa = XCBuildConfiguration;
			buildSettings = {
				ASSETCATALOG_COMPILER_APPICON_NAME = AppIcon;
				DEVELOPMENT_TEAM = ZD2S85JCK8;
				INFOPLIST_FILE = FirstDemo/Info.plist;
				LD_RUNPATH_SEARCH_PATHS = "$(inherited) @executable_path/Frameworks";
				PRODUCT_BUNDLE_IDENTIFIER = ammy.pandey.FirstDemo;
				PRODUCT_NAME = "$(TARGET_NAME)";
				SWIFT_VERSION = 3.0;
			};
			name = Debug;
		};
		1143760C1F52F7C400D400DA /* Release */ = {
			isa = XCBuildConfiguration;
			buildSettings = {
				ASSETCATALOG_COMPILER_APPICON_NAME = AppIcon;
				DEVELOPMENT_TEAM = ZD2S85JCK8;
				INFOPLIST_FILE = FirstDemo/Info.plist;
				LD_RUNPATH_SEARCH_PATHS = "$(inherited) @executable_path/Frameworks";
				PRODUCT_BUNDLE_IDENTIFIER = ammy.pandey.FirstDemo;
				PRODUCT_NAME = "$(TARGET_NAME)";
				SWIFT_VERSION = 3.0;
			};
			name = Release;
		};
		1143760E1F52F7C400D400DA /* Debug */ = {
			isa = XCBuildConfiguration;
			buildSettings = {
				ALWAYS_EMBED_SWIFT_STANDARD_LIBRARIES = YES;
				BUNDLE_LOADER = "$(TEST_HOST)";
				DEVELOPMENT_TEAM = ZD2S85JCK8;
				INFOPLIST_FILE = FirstDemoTests/Info.plist;
				LD_RUNPATH_SEARCH_PATHS = "$(inherited) @executable_path/Frameworks @loader_path/Frameworks";
				PRODUCT_BUNDLE_IDENTIFIER = ammy.pandey.FirstDemoTests;
				PRODUCT_NAME = "$(TARGET_NAME)";
				SWIFT_VERSION = 3.0;
				TEST_HOST = "$(BUILT_PRODUCTS_DIR)/FirstDemo.app/FirstDemo";
			};
			name = Debug;
		};
		1143760F1F52F7C400D400DA /* Release */ = {
			isa = XCBuildConfiguration;
			buildSettings = {
				ALWAYS_EMBED_SWIFT_STANDARD_LIBRARIES = YES;
				BUNDLE_LOADER = "$(TEST_HOST)";
				DEVELOPMENT_TEAM = ZD2S85JCK8;
				INFOPLIST_FILE = FirstDemoTests/Info.plist;
				LD_RUNPATH_SEARCH_PATHS = "$(inherited) @executable_path/Frameworks @loader_path/Frameworks";
				PRODUCT_BUNDLE_IDENTIFIER = ammy.pandey.FirstDemoTests;
				PRODUCT_NAME = "$(TARGET_NAME)";
				SWIFT_VERSION = 3.0;
				TEST_HOST = "$(BUILT_PRODUCTS_DIR)/FirstDemo.app/FirstDemo";
			};
			name = Release;
		};
/* End XCBuildConfiguration section */

/* Begin XCConfigurationList section */
		114375E81F52F7C400D400DA /* Build configuration list for PBXProject "FirstDemo" */ = {
			isa = XCConfigurationList;
			buildConfigurations = (
				114376081F52F7C400D400DA /* Debug */,
				114376091F52F7C400D400DA /* Release */,
			);
			defaultConfigurationIsVisible = 0;
			defaultConfigurationName = Release;
		};
		1143760A1F52F7C400D400DA /* Build configuration list for PBXNativeTarget "FirstDemo" */ = {
			isa = XCConfigurationList;
			buildConfigurations = (
				1143760B1F52F7C400D400DA /* Debug */,
				1143760C1F52F7C400D400DA /* Release */,
			);
			defaultConfigurationIsVisible = 0;
		};
		1143760D1F52F7C400D400DA /* Build configuration list for PBXNativeTarget "FirstDemoTests" */ = {
			isa = XCConfigurationList;
			buildConfigurations = (
				1143760E1F52F7C400D400DA /* Debug */,
				1143760F1F52F7C400D400DA /* Release */,
			);
			defaultConfigurationIsVisible = 0;
		};
/* End XCConfigurationList section */
	};
	rootObject = 114375E51F52F7C400D400DA /* Project object */;
}
